
Microsoft Visual Studio Solution File, Format Version 12.00
# Visual Studio 15
VisualStudioVersion = 15.0.28307.421
MinimumVisualStudioVersion = 10.0.40219.1
Project("{FAE04EC0-301F-11D3-BF4B-00C04F79EFBC}") = "3tierexample", "3tierexample\3tierexample.csproj", "{D49B7724-3E3F-454D-B837-F27FD0123B99}"
EndProject
Project("{FAE04EC0-301F-11D3-BF4B-00C04F79EFBC}") = "DAL", "DAL\DAL.csproj", "{3184A072-199E-47C7-8B35-2FE851D33B18}"
EndProject
Project("{FAE04EC0-301F-11D3-BF4B-00C04F79EFBC}") = "BLL", "BLL\BLL.csproj", "{8C95C918-3531-4F7E-88DE-818B6990A43C}"
EndProject
Global
	GlobalSection(SolutionConfigurationPlatforms) = preSolution
		Debug|Any CPU = Debug|Any CPU
		Release|Any CPU = Release|Any CPU
	EndGlobalSection
	GlobalSection(ProjectConfigurationPlatforms) = postSolution
		{D49B7724-3E3F-454D-B837-F27FD0123B99}.Debug|Any CPU.ActiveCfg = Debug|Any CPU
		{D49B7724-3E3F-454D-B837-F27FD0123B99}.Debug|Any CPU.Build.0 = Debug|Any CPU
		{D49B7724-3E3F-454D-B837-F27FD0123B99}.Release|Any CPU.ActiveCfg = Release|Any CPU
		{D49B7724-3E3F-454D-B837-F27FD0123B99}.Release|Any CPU.Build.0 = Release|Any CPU
		{3184A072-199E-47C7-8B35-2FE851D33B18}.Debug|Any CPU.ActiveCfg = Debug|Any CPU
		{3184A072-199E-47C7-8B35-2FE851D33B18}.Debug|Any CPU.Build.0 = Debug|Any CPU
		{3184A072-199E-47C7-8B35-2FE851D33B18}.Release|Any CPU.ActiveCfg = Release|Any CPU
		{3184A072-199E-47C7-8B35-2FE851D33B18}.Release|Any CPU.Build.0 = Release|Any CPU
		{8C95C918-3531-4F7E-88DE-818B6990A43C}.Debug|Any CPU.ActiveCfg = Debug|Any CPU
		{8C95C918-3531-4F7E-88DE-818B6990A43C}.Debug|Any CPU.Build.0 = Debug|Any CPU
		{8C95C918-3531-4F7E-88DE-818B6990A43C}.Release|Any CPU.ActiveCfg = Release|Any CPU
		{8C95C918-3531-4F7E-88DE-818B6990A43C}.Release|Any CPU.Build.0 = Release|Any CPU
	EndGlobalSection
	GlobalSection(SolutionProperties) = preSolution
		HideSolutionNode = FALSE
	EndGlobalSection
	GlobalSection(ExtensibilityGlobals) = postSolution
		SolutionGuid = {113F392F-0927-4CC1-B3F9-1C87EDEEBDC6}
	EndGlobalSection
EndGlobal
